
Microsoft Visual Studio Solution File, Format Version 12.00
# Visual Studio Version 17
VisualStudioVersion = 17.6.33815.320
MinimumVisualStudioVersion = 10.0.40219.1
Project("{FAE04EC0-301F-11D3-BF4B-00C04F79EFBC}") = "GradingTheStudents", "GradingTheStudents\GradingTheStudents.csproj", "{5214E59E-78BA-4B3A-A07E-29EB4363238A}"
EndProject
Global
	GlobalSection(SolutionConfigurationPlatforms) = preSolution
		Debug|Any CPU = Debug|Any CPU
		Release|Any CPU = Release|Any CPU
	EndGlobalSection
	GlobalSection(ProjectConfigurationPlatforms) = postSolution
		{5214E59E-78BA-4B3A-A07E-29EB4363238A}.Debug|Any CPU.ActiveCfg = Debug|Any CPU
		{5214E59E-78BA-4B3A-A07E-29EB4363238A}.Debug|Any CPU.Build.0 = Debug|Any CPU
		{5214E59E-78BA-4B3A-A07E-29EB4363238A}.Release|Any CPU.ActiveCfg = Release|Any CPU
		{5214E59E-78BA-4B3A-A07E-29EB4363238A}.Release|Any CPU.Build.0 = Release|Any CPU
	EndGlobalSection
	GlobalSection(SolutionProperties) = preSolution
		HideSolutionNode = FALSE
	EndGlobalSection
	GlobalSection(ExtensibilityGlobals) = postSolution
		SolutionGuid = {BD758B3E-B77C-429A-9E70-7CE8BF7657C7}
	EndGlobalSection
EndGlobal
